PODS:
  - CRRefresh (1.1.3)
  - Kingfisher (6.3.1)

DEPENDENCIES:
  - CRRefresh
  - Kingfisher (~> 6.0)

SPEC REPOS:
  trunk:
    - CRRefresh
    - Kingfisher

SPEC CHECKSUMS:
  CRRefresh: 1415d4ae06837fa7bb064c44f2e102f3ef517044
  Kingfisher: 016c8b653a35add51dd34a3aba36b580041acc74

PODFILE CHECKSUM: 6f283f67cf4e0e380b1957353fa778d3d0f01542

COCOAPODS: 1.11.3
