// !$*UTF8*$!
{
	archiveVersion = 1;
	classes = {
	};
	objectVersion = 51;
	objects = {

/* Begin PBXBuildFile section */
		510404E7DF3D3661B2A49247 /* Pods_FetchEvents.framework in Frameworks */ = {isa = PBXBuildFile; fileRef = CB7927EC5A82C988835C7D49 /* Pods_FetchEvents.framework */; };
		CEAC0DC02660650B00D29AAA /* Utils.swift in Sources */ = {isa = PBXBuildFile; fileRef = CEAC0DBF2660650B00D29AAA /* Utils.swift */; };
		CEF2962A265FBBF4004525B8 /* AppDelegate.swift in Sources */ = {isa = PBXBuildFile; fileRef = CEF29629265FBBF4004525B8 /* AppDelegate.swift */; };
		CEF29634265FBBF4004525B8 /* FetchEvents.xcdatamodeld in Sources */ = {isa = PBXBuildFile; fileRef = CEF29632265FBBF4004525B8 /* FetchEvents.xcdatamodeld */; };
		CEF29636265FBBF5004525B8 /* Assets.xcassets in Resources */ = {isa = PBXBuildFile; fileRef = CEF29635265FBBF5004525B8 /* Assets.xcassets */; };
		CEF29639265FBBF5004525B8 /* LaunchScreen.storyboard in Resources */ = {isa = PBXBuildFile; fileRef = CEF29637265FBBF5004525B8 /* LaunchScreen.storyboard */; };
		CEF29641265FC0F3004525B8 /* EventsViewController.swift in Sources */ = {isa = PBXBuildFile; fileRef = CEF29640265FC0F3004525B8 /* EventsViewController.swift */; };
		CEF29643265FC210004525B8 /* Constraints.swift in Sources */ = {isa = PBXBuildFile; fileRef = CEF29642265FC210004525B8 /* Constraints.swift */; };
		CEF29647265FC720004525B8 /* EventTableViewCell.swift in Sources */ = {isa = PBXBuildFile; fileRef = CEF29646265FC720004525B8 /* EventTableViewCell.swift */; };
		CEF29649265FCD8E004525B8 /* Constants.swift in Sources */ = {isa = PBXBuildFile; fileRef = CEF29648265FCD8E004525B8 /* Constants.swift */; };
		CEF2967C265FE9D2004525B8 /* EventsModel.swift in Sources */ = {isa = PBXBuildFile; fileRef = CEF2967B265FE9D2004525B8 /* EventsModel.swift */; };
/* End PBXBuildFile section */

/* Begin PBXFileReference section */
		7D83104B28CB9B01EA1CF9B3 /* Pods-FetchEvents.release.xcconfig */ = {isa = PBXFileReference; includeInIndex = 1; lastKnownFileType = text.xcconfig; name = "Pods-FetchEvents.release.xcconfig"; path = "Target Support Files/Pods-FetchEvents/Pods-FetchEvents.release.xcconfig"; sourceTree = "<group>"; };
		BE2EAFA981106EBA5B2E73D1 /* Pods-FetchEvents.debug.xcconfig */ = {isa = PBXFileReference; includeInIndex = 1; lastKnownFileType = text.xcconfig; name = "Pods-FetchEvents.debug.xcconfig"; path = "Target Support Files/Pods-FetchEvents/Pods-FetchEvents.debug.xcconfig"; sourceTree = "<group>"; };
		CB7927EC5A82C988835C7D49 /* Pods_FetchEvents.framework */ = {isa = PBXFileReference; explicitFileType = wrapper.framework; includeInIndex = 0; path = Pods_FetchEvents.framework; sourceTree = BUILT_PRODUCTS_DIR; };
		CEAC0DBF2660650B00D29AAA /* Utils.swift */ = {isa = PBXFileReference; lastKnownFileType = sourcecode.swift; path = Utils.swift; sourceTree = "<group>"; };
		CEF29626265FBBF4004525B8 /* FetchEvents.app */ = {isa = PBXFileReference; explicitFileType = wrapper.application; includeInIndex = 0; path = FetchEvents.app; sourceTree = BUILT_PRODUCTS_DIR; };
		CEF29629265FBBF4004525B8 /* AppDelegate.swift */ = {isa = PBXFileReference; lastKnownFileType = sourcecode.swift; path = AppDelegate.swift; sourceTree = "<group>"; };
		CEF29633265FBBF4004525B8 /* FetchEvents.xcdatamodel */ = {isa = PBXFileReference; lastKnownFileType = wrapper.xcdatamodel; path = FetchEvents.xcdatamodel; sourceTree = "<group>"; };
		CEF29635265FBBF5004525B8 /* Assets.xcassets */ = {isa = PBXFileReference; lastKnownFileType = folder.assetcatalog; path = Assets.xcassets; sourceTree = "<group>"; };
		CEF29638265FBBF5004525B8 /* Base */ = {isa = PBXFileReference; lastKnownFileType = file.storyboard; name = Base; path = Base.lproj/LaunchScreen.storyboard; sourceTree = "<group>"; };
		CEF2963A265FBBF5004525B8 /* Info.plist */ = {isa = PBXFileReference; lastKnownFileType = text.plist.xml; path = Info.plist; sourceTree = "<group>"; };
		CEF29640265FC0F3004525B8 /* EventsViewController.swift */ = {isa = PBXFileReference; lastKnownFileType = sourcecode.swift; path = EventsViewController.swift; sourceTree = "<group>"; };
		CEF29642265FC210004525B8 /* Constraints.swift */ = {isa = PBXFileReference; lastKnownFileType = sourcecode.swift; path = Constraints.swift; sourceTree = "<group>"; };
		CEF29646265FC720004525B8 /* EventTableViewCell.swift */ = {isa = PBXFileReference; lastKnownFileType = sourcecode.swift; path = EventTableViewCell.swift; sourceTree = "<group>"; };
		CEF29648265FCD8E004525B8 /* Constants.swift */ = {isa = PBXFileReference; lastKnownFileType = sourcecode.swift; path = Constants.swift; sourceTree = "<group>"; };
		CEF2967B265FE9D2004525B8 /* EventsModel.swift */ = {isa = PBXFileReference; lastKnownFileType = sourcecode.swift; path = EventsModel.swift; sourceTree = "<group>"; };
/* End PBXFileReference section */

/* Begin PBXFrameworksBuildPhase section */
		CEF29623265FBBF4004525B8 /* Frameworks */ = {
			isa = PBXFrameworksBuildPhase;
			buildActionMask = 2147483647;
			files = (
				510404E7DF3D3661B2A49247 /* Pods_FetchEvents.framework in Frameworks */,
			);
			runOnlyForDeploymentPostprocessing = 0;
		};
/* End PBXFrameworksBuildPhase section */

/* Begin PBXGroup section */
		352969960868818263091290 /* Pods */ = {
			isa = PBXGroup;
			children = (
				BE2EAFA981106EBA5B2E73D1 /* Pods-FetchEvents.debug.xcconfig */,
				7D83104B28CB9B01EA1CF9B3 /* Pods-FetchEvents.release.xcconfig */,
			);
			path = Pods;
			sourceTree = "<group>";
		};
		CEF2961D265FBBF4004525B8 = {
			isa = PBXGroup;
			children = (
				CEF29628265FBBF4004525B8 /* FetchEvents */,
				CEF29627265FBBF4004525B8 /* Products */,
				352969960868818263091290 /* Pods */,
				CF298C60A19A8FF9F07A8E70 /* Frameworks */,
			);
			sourceTree = "<group>";
		};
		CEF29627265FBBF4004525B8 /* Products */ = {
			isa = PBXGroup;
			children = (
				CEF29626265FBBF4004525B8 /* FetchEvents.app */,
			);
			name = Products;
			sourceTree = "<group>";
		};
		CEF29628265FBBF4004525B8 /* FetchEvents */ = {
			isa = PBXGroup;
			children = (
				CEF2964A265FDF34004525B8 /* Models */,
				CEF29629265FBBF4004525B8 /* AppDelegate.swift */,
				CEF29640265FC0F3004525B8 /* EventsViewController.swift */,
				CEF29648265FCD8E004525B8 /* Constants.swift */,
				CEF29646265FC720004525B8 /* EventTableViewCell.swift */,
				CEF29635265FBBF5004525B8 /* Assets.xcassets */,
				CEF29637265FBBF5004525B8 /* LaunchScreen.storyboard */,
				CEF2963A265FBBF5004525B8 /* Info.plist */,
				CEF29632265FBBF4004525B8 /* FetchEvents.xcdatamodeld */,
				CEF29642265FC210004525B8 /* Constraints.swift */,
				CEAC0DBF2660650B00D29AAA /* Utils.swift */,
			);
			path = FetchEvents;
			sourceTree = "<group>";
		};
		CEF2964A265FDF34004525B8 /* Models */ = {
			isa = PBXGroup;
			children = (
				CEF2967B265FE9D2004525B8 /* EventsModel.swift */,
			);
			path = Models;
			sourceTree = "<group>";
		};
		CF298C60A19A8FF9F07A8E70 /* Frameworks */ = {
			isa = PBXGroup;
			children = (
				CB7927EC5A82C988835C7D49 /* Pods_FetchEvents.framework */,
			);
			name = Frameworks;
			sourceTree = "<group>";
		};
/* End PBXGroup section */

/* Begin PBXNativeTarget section */
		CEF29625265FBBF4004525B8 /* FetchEvents */ = {
			isa = PBXNativeTarget;
			buildConfigurationList = CEF2963D265FBBF5004525B8 /* Build configuration list for PBXNativeTarget "FetchEvents" */;
			buildPhases = (
				6F79C86580DB997CD368514D /* [CP] Check Pods Manifest.lock */,
				CEF29622265FBBF4004525B8 /* Sources */,
				CEF29623265FBBF4004525B8 /* Frameworks */,
				CEF29624265FBBF4004525B8 /* Resources */,
				E3A3751F5C3B99B9FD627A35 /* [CP] Embed Pods Frameworks */,
			);
			buildRules = (
			);
			dependencies = (
			);
			name = FetchEvents;
			productName = FetchEvents;
			productReference = CEF29626265FBBF4004525B8 /* FetchEvents.app */;
			productType = "com.apple.product-type.application";
		};
/* End PBXNativeTarget section */

/* Begin PBXProject section */
		CEF2961E265FBBF4004525B8 /* Project object */ = {
			isa = PBXProject;
			attributes = {
				LastSwiftUpdateCheck = 1250;
				LastUpgradeCheck = 1250;
				TargetAttributes = {
					CEF29625265FBBF4004525B8 = {
						CreatedOnToolsVersion = 12.5;
					};
				};
			};
			buildConfigurationList = CEF29621265FBBF4004525B8 /* Build configuration list for PBXProject "FetchEvents" */;
			compatibilityVersion = "Xcode 9.3";
			developmentRegion = en;
			hasScannedForEncodings = 0;
			knownRegions = (
				en,
				Base,
			);
			mainGroup = CEF2961D265FBBF4004525B8;
			productRefGroup = CEF29627265FBBF4004525B8 /* Products */;
			projectDirPath = "";
			projectRoot = "";
			targets = (
				CEF29625265FBBF4004525B8 /* FetchEvents */,
			);
		};
/* End PBXProject section */

/* Begin PBXResourcesBuildPhase section */
		CEF29624265FBBF4004525B8 /* Resources */ = {
			isa = PBXResourcesBuildPhase;
			buildActionMask = 2147483647;
			files = (
				CEF29639265FBBF5004525B8 /* LaunchScreen.storyboard in Resources */,
				CEF29636265FBBF5004525B8 /* Assets.xcassets in Resources */,
			);
			runOnlyForDeploymentPostprocessing = 0;
		};
/* End PBXResourcesBuildPhase section */

/* Begin PBXShellScriptBuildPhase section */
		6F79C86580DB997CD368514D /* [CP] Check Pods Manifest.lock */ = {
			isa = PBXShellScriptBuildPhase;
			buildActionMask = 2147483647;
			files = (
			);
			inputFileListPaths = (
			);
			inputPaths = (
				"${PODS_PODFILE_DIR_PATH}/Podfile.lock",
				"${PODS_ROOT}/Manifest.lock",
			);
			name = "[CP] Check Pods Manifest.lock";
			outputFileListPaths = (
			);
			outputPaths = (
				"$(DERIVED_FILE_DIR)/Pods-FetchEvents-checkManifestLockResult.txt",
			);
			runOnlyForDeploymentPostprocessing = 0;
			shellPath = /bin/sh;
			shellScript = "diff \"${PODS_PODFILE_DIR_PATH}/Podfile.lock\" \"${PODS_ROOT}/Manifest.lock\" > /dev/null\nif [ $? != 0 ] ; then\n    # print error to STDERR\n    echo \"error: The sandbox is not in sync with the Podfile.lock. Run 'pod install' or update your CocoaPods installation.\" >&2\n    exit 1\nfi\n# This output is used by Xcode 'outputs' to avoid re-running this script phase.\necho \"SUCCESS\" > \"${SCRIPT_OUTPUT_FILE_0}\"\n";
			showEnvVarsInLog = 0;
		};
		E3A3751F5C3B99B9FD627A35 /* [CP] Embed Pods Frameworks */ = {
			isa = PBXShellScriptBuildPhase;
			buildActionMask = 2147483647;
			files = (
			);
			inputFileListPaths = (
				"${PODS_ROOT}/Target Support Files/Pods-FetchEvents/Pods-FetchEvents-frameworks-${CONFIGURATION}-input-files.xcfilelist",
			);
			name = "[CP] Embed Pods Frameworks";
			outputFileListPaths = (
				"${PODS_ROOT}/Target Support Files/Pods-FetchEvents/Pods-FetchEvents-frameworks-${CONFIGURATION}-output-files.xcfilelist",
			);
			runOnlyForDeploymentPostprocessing = 0;
			shellPath = /bin/sh;
			shellScript = "\"${PODS_ROOT}/Target Support Files/Pods-FetchEvents/Pods-FetchEvents-frameworks.sh\"\n";
			showEnvVarsInLog = 0;
		};
/* End PBXShellScriptBuildPhase section */

/* Begin PBXSourcesBuildPhase section */
		CEF29622265FBBF4004525B8 /* Sources */ = {
			isa = PBXSourcesBuildPhase;
			buildActionMask = 2147483647;
			files = (
				CEF2962A265FBBF4004525B8 /* AppDelegate.swift in Sources */,
				CEF2967C265FE9D2004525B8 /* EventsModel.swift in Sources */,
				CEF29643265FC210004525B8 /* Constraints.swift in Sources */,
				CEF29634265FBBF4004525B8 /* FetchEvents.xcdatamodeld in Sources */,
				CEF29647265FC720004525B8 /* EventTableViewCell.swift in Sources */,
				CEF29641265FC0F3004525B8 /* EventsViewController.swift in Sources */,
				CEF29649265FCD8E004525B8 /* Constants.swift in Sources */,
				CEAC0DC02660650B00D29AAA /* Utils.swift in Sources */,
			);
			runOnlyForDeploymentPostprocessing = 0;
		};
/* End PBXSourcesBuildPhase section */

/* Begin PBXVariantGroup section */
		CEF29637265FBBF5004525B8 /* LaunchScreen.storyboard */ = {
			isa = PBXVariantGroup;
			children = (
				CEF29638265FBBF5004525B8 /* Base */,
			);
			name = LaunchScreen.storyboard;
			sourceTree = "<group>";
		};
/* End PBXVariantGroup section */

/* Begin XCBuildConfiguration section */
		CEF2963B265FBBF5004525B8 /* Debug */ = {
			isa = XCBuildConfiguration;
			buildSettings = {
				ALWAYS_SEARCH_USER_PATHS = NO;
				CLANG_ANALYZER_NONNULL = YES;
				CLANG_ANALYZER_NUMBER_OBJECT_CONVERSION = YES_AGGRESSIVE;
				CLANG_CXX_LANGUAGE_STANDARD = "gnu++14";
				CLANG_CXX_LIBRARY = "libc++";
				CLANG_ENABLE_MODULES = YES;
				CLANG_ENABLE_OBJC_ARC = YES;
				CLANG_ENABLE_OBJC_WEAK = YES;
				CLANG_WARN_BLOCK_CAPTURE_AUTORELEASING = YES;
				CLANG_WARN_BOOL_CONVERSION = YES;
				CLANG_WARN_COMMA = YES;
				CLANG_WARN_CONSTANT_CONVERSION = YES;
				CLANG_WARN_DEPRECATED_OBJC_IMPLEMENTATIONS = YES;
				CLANG_WARN_DIRECT_OBJC_ISA_USAGE = YES_ERROR;
				CLANG_WARN_DOCUMENTATION_COMMENTS = YES;
				CLANG_WARN_EMPTY_BODY = YES;
				CLANG_WARN_ENUM_CONVERSION = YES;
				CLANG_WARN_INFINITE_RECURSION = YES;
				CLANG_WARN_INT_CONVERSION = YES;
				CLANG_WARN_NON_LITERAL_NULL_CONVERSION = YES;
				CLANG_WARN_OBJC_IMPLICIT_RETAIN_SELF = YES;
				CLANG_WARN_OBJC_LITERAL_CONVERSION = YES;
				CLANG_WARN_OBJC_ROOT_CLASS = YES_ERROR;
				CLANG_WARN_QUOTED_INCLUDE_IN_FRAMEWORK_HEADER = YES;
				CLANG_WARN_RANGE_LOOP_ANALYSIS = YES;
				CLANG_WARN_STRICT_PROTOTYPES = YES;
				CLANG_WARN_SUSPICIOUS_MOVE = YES;
				CLANG_WARN_UNGUARDED_AVAILABILITY = YES_AGGRESSIVE;
				CLANG_WARN_UNREACHABLE_CODE = YES;
				CLANG_WARN__DUPLICATE_METHOD_MATCH = YES;
				COPY_PHASE_STRIP = NO;
				DEBUG_INFORMATION_FORMAT = dwarf;
				ENABLE_STRICT_OBJC_MSGSEND = YES;
				ENABLE_TESTABILITY = YES;
				GCC_C_LANGUAGE_STANDARD = gnu11;
				GCC_DYNAMIC_NO_PIC = NO;
				GCC_NO_COMMON_BLOCKS = YES;
				GCC_OPTIMIZATION_LEVEL = 0;
				GCC_PREPROCESSOR_DEFINITIONS = (
					"DEBUG=1",
					"$(inherited)",
				);
				GCC_WARN_64_TO_32_BIT_CONVERSION = YES;
				GCC_WARN_ABOUT_RETURN_TYPE = YES_ERROR;
				GCC_WARN_UNDECLARED_SELECTOR = YES;
				GCC_WARN_UNINITIALIZED_AUTOS = YES_AGGRESSIVE;
				GCC_WARN_UNUSED_FUNCTION = YES;
				GCC_WARN_UNUSED_VARIABLE = YES;
				IPHONEOS_DEPLOYMENT_TARGET = 12.0;
				MTL_ENABLE_DEBUG_INFO = INCLUDE_SOURCE;
				MTL_FAST_MATH = YES;
				ONLY_ACTIVE_ARCH = YES;
				SDKROOT = iphoneos;
				SWIFT_ACTIVE_COMPILATION_CONDITIONS = DEBUG;
				SWIFT_OPTIMIZATION_LEVEL = "-Onone";
			};
			name = Debug;
		};
		CEF2963C265FBBF5004525B8 /* Release */ = {
			isa = XCBuildConfiguration;
			buildSettings = {
				ALWAYS_SEARCH_USER_PATHS = NO;
				CLANG_ANALYZER_NONNULL = YES;
				CLANG_ANALYZER_NUMBER_OBJECT_CONVERSION = YES_AGGRESSIVE;
				CLANG_CXX_LANGUAGE_STANDARD = "gnu++14";
				CLANG_CXX_LIBRARY = "libc++";
				CLANG_ENABLE_MODULES = YES;
				CLANG_ENABLE_OBJC_ARC = YES;
				CLANG_ENABLE_OBJC_WEAK = YES;
				CLANG_WARN_BLOCK_CAPTURE_AUTORELEASING = YES;
				CLANG_WARN_BOOL_CONVERSION = YES;
				CLANG_WARN_COMMA = YES;
				CLANG_WARN_CONSTANT_CONVERSION = YES;
				CLANG_WARN_DEPRECATED_OBJC_IMPLEMENTATIONS = YES;
				CLANG_WARN_DIRECT_OBJC_ISA_USAGE = YES_ERROR;
				CLANG_WARN_DOCUMENTATION_COMMENTS = YES;
				CLANG_WARN_EMPTY_BODY = YES;
				CLANG_WARN_ENUM_CONVERSION = YES;
				CLANG_WARN_INFINITE_RECURSION = YES;
				CLANG_WARN_INT_CONVERSION = YES;
				CLANG_WARN_NON_LITERAL_NULL_CONVERSION = YES;
				CLANG_WARN_OBJC_IMPLICIT_RETAIN_SELF = YES;
				CLANG_WARN_OBJC_LITERAL_CONVERSION = YES;
				CLANG_WARN_OBJC_ROOT_CLASS = YES_ERROR;
				CLANG_WARN_QUOTED_INCLUDE_IN_FRAMEWORK_HEADER = YES;
				CLANG_WARN_RANGE_LOOP_ANALYSIS = YES;
				CLANG_WARN_STRICT_PROTOTYPES = YES;
				CLANG_WARN_SUSPICIOUS_MOVE = YES;
				CLANG_WARN_UNGUARDED_AVAILABILITY = YES_AGGRESSIVE;
				CLANG_WARN_UNREACHABLE_CODE = YES;
				CLANG_WARN__DUPLICATE_METHOD_MATCH = YES;
				COPY_PHASE_STRIP = NO;
				DEBUG_INFORMATION_FORMAT = "dwarf-with-dsym";
				ENABLE_NS_ASSERTIONS = NO;
				ENABLE_STRICT_OBJC_MSGSEND = YES;
				GCC_C_LANGUAGE_STANDARD = gnu11;
				GCC_NO_COMMON_BLOCKS = YES;
				GCC_WARN_64_TO_32_BIT_CONVERSION = YES;
				GCC_WARN_ABOUT_RETURN_TYPE = YES_ERROR;
				GCC_WARN_UNDECLARED_SELECTOR = YES;
				GCC_WARN_UNINITIALIZED_AUTOS = YES_AGGRESSIVE;
				GCC_WARN_UNUSED_FUNCTION = YES;
				GCC_WARN_UNUSED_VARIABLE = YES;
				IPHONEOS_DEPLOYMENT_TARGET = 12.0;
				MTL_ENABLE_DEBUG_INFO = NO;
				MTL_FAST_MATH = YES;
				SDKROOT = iphoneos;
				SWIFT_COMPILATION_MODE = wholemodule;
				SWIFT_OPTIMIZATION_LEVEL = "-O";
				VALIDATE_PRODUCT = YES;
			};
			name = Release;
		};
		CEF2963E265FBBF5004525B8 /* Debug */ = {
			isa = XCBuildConfiguration;
			baseConfigurationReference = BE2EAFA981106EBA5B2E73D1 /* Pods-FetchEvents.debug.xcconfig */;
			buildSettings = {
				ASSETCATALOG_COMPILER_APPICON_NAME = AppIcon;
				ASSETCATALOG_COMPILER_GLOBAL_ACCENT_COLOR_NAME = AccentColor;
				CODE_SIGN_STYLE = Automatic;
				DEVELOPMENT_TEAM = M522U4LXZT;
				INFOPLIST_FILE = FetchEvents/Info.plist;
				LD_RUNPATH_SEARCH_PATHS = (
					"$(inherited)",
					"@executable_path/Frameworks",
				);
				PRODUCT_BUNDLE_IDENTIFIER = com.chance.FetchEvents;
				PRODUCT_NAME = "$(TARGET_NAME)";
				SWIFT_VERSION = 5.0;
				TARGETED_DEVICE_FAMILY = "1,2";
			};
			name = Debug;
		};
		CEF2963F265FBBF5004525B8 /* Release */ = {
			isa = XCBuildConfiguration;
			baseConfigurationReference = 7D83104B28CB9B01EA1CF9B3 /* Pods-FetchEvents.release.xcconfig */;
			buildSettings = {
				ASSETCATALOG_COMPILER_APPICON_NAME = AppIcon;
				ASSETCATALOG_COMPILER_GLOBAL_ACCENT_COLOR_NAME = AccentColor;
				CODE_SIGN_STYLE = Automatic;
				DEVELOPMENT_TEAM = M522U4LXZT;
				INFOPLIST_FILE = FetchEvents/Info.plist;
				LD_RUNPATH_SEARCH_PATHS = (
					"$(inherited)",
					"@executable_path/Frameworks",
				);
				PRODUCT_BUNDLE_IDENTIFIER = com.chance.FetchEvents;
				PRODUCT_NAME = "$(TARGET_NAME)";
				SWIFT_VERSION = 5.0;
				TARGETED_DEVICE_FAMILY = "1,2";
			};
			name = Release;
		};
/* End XCBuildConfiguration section */

/* Begin XCConfigurationList section */
		CEF29621265FBBF4004525B8 /* Build configuration list for PBXProject "FetchEvents" */ = {
			isa = XCConfigurationList;
			buildConfigurations = (
				CEF2963B265FBBF5004525B8 /* Debug */,
				CEF2963C265FBBF5004525B8 /* Release */,
			);
			defaultConfigurationIsVisible = 0;
			defaultConfigurationName = Release;
		};
		CEF2963D265FBBF5004525B8 /* Build configuration list for PBXNativeTarget "FetchEvents" */ = {
			isa = XCConfigurationList;
			buildConfigurations = (
				CEF2963E265FBBF5004525B8 /* Debug */,
				CEF2963F265FBBF5004525B8 /* Release */,
			);
			defaultConfigurationIsVisible = 0;
			defaultConfigurationName = Release;
		};
/* End XCConfigurationList section */

/* Begin XCVersionGroup section */
		CEF29632265FBBF4004525B8 /* FetchEvents.xcdatamodeld */ = {
			isa = XCVersionGroup;
			children = (
				CEF29633265FBBF4004525B8 /* FetchEvents.xcdatamodel */,
			);
			currentVersion = CEF29633265FBBF4004525B8 /* FetchEvents.xcdatamodel */;
			path = FetchEvents.xcdatamodeld;
			sourceTree = "<group>";
			versionGroupType = wrapper.xcdatamodel;
		};
/* End XCVersionGroup section */
	};
	rootObject = CEF2961E265FBBF4004525B8 /* Project object */;
}
